
Microsoft Visual Studio Solution File, Format Version 12.00
# Visual Studio 15
VisualStudioVersion = 15.0.34729.27
MinimumVisualStudioVersion = 10.0.40219.1
Project("{FAE04EC0-301F-11D3-BF4B-00C04F79EFBC}") = "test01", "test01\test01.csproj", "{23C268B9-4C36-45EA-9112-1F7E5BBE210B}"
EndProject
Global
	GlobalSection(SolutionConfigurationPlatforms) = preSolution
		Debug|Any CPU = Debug|Any CPU
		Release|Any CPU = Release|Any CPU
	EndGlobalSection
	GlobalSection(ProjectConfigurationPlatforms) = postSolution
		{23C268B9-4C36-45EA-9112-1F7E5BBE210B}.Debug|Any CPU.ActiveCfg = Debug|Any CPU
		{23C268B9-4C36-45EA-9112-1F7E5BBE210B}.Debug|Any CPU.Build.0 = Debug|Any CPU
		{23C268B9-4C36-45EA-9112-1F7E5BBE210B}.Release|Any CPU.ActiveCfg = Release|Any CPU
		{23C268B9-4C36-45EA-9112-1F7E5BBE210B}.Release|Any CPU.Build.0 = Release|Any CPU
	EndGlobalSection
	GlobalSection(SolutionProperties) = preSolution
		HideSolutionNode = FALSE
	EndGlobalSection
	GlobalSection(ExtensibilityGlobals) = postSolution
		SolutionGuid = {2164ACAD-6458-4F98-A035-0A437993C27B}
	EndGlobalSection
EndGlobal
